
Microsoft Visual Studio Solution File, Format Version 12.00
Project("{FAE04EC0-301F-11D3-BF4B-00C04F79EFBC}") = "AssemblyBrowser", "AssemblyBrowser\AssemblyBrowser.csproj", "{94F9E9D8-CB4E-4958-BDA6-06AC6992D187}"
EndProject
Project("{FAE04EC0-301F-11D3-BF4B-00C04F79EFBC}") = "AssemblyBrowserLibrary", "AssemblyBrowserLibrary\AssemblyBrowserLibrary.csproj", "{DF268D80-9A5B-4D63-B1A4-6E80D5715B2D}"
EndProject
Project("{FAE04EC0-301F-11D3-BF4B-00C04F79EFBC}") = "AssemblyBrowserTests", "AssemblyBrowserTests\AssemblyBrowserTests.csproj", "{50B1DE0F-158E-4A58-A04A-71760BB9ED57}"
EndProject
Global
	GlobalSection(SolutionConfigurationPlatforms) = preSolution
		Debug|Any CPU = Debug|Any CPU
		Release|Any CPU = Release|Any CPU
	EndGlobalSection
	GlobalSection(ProjectConfigurationPlatforms) = postSolution
		{94F9E9D8-CB4E-4958-BDA6-06AC6992D187}.Debug|Any CPU.ActiveCfg = Debug|Any CPU
		{94F9E9D8-CB4E-4958-BDA6-06AC6992D187}.Debug|Any CPU.Build.0 = Debug|Any CPU
		{94F9E9D8-CB4E-4958-BDA6-06AC6992D187}.Release|Any CPU.ActiveCfg = Release|Any CPU
		{94F9E9D8-CB4E-4958-BDA6-06AC6992D187}.Release|Any CPU.Build.0 = Release|Any CPU
		{DF268D80-9A5B-4D63-B1A4-6E80D5715B2D}.Debug|Any CPU.ActiveCfg = Debug|Any CPU
		{DF268D80-9A5B-4D63-B1A4-6E80D5715B2D}.Debug|Any CPU.Build.0 = Debug|Any CPU
		{DF268D80-9A5B-4D63-B1A4-6E80D5715B2D}.Release|Any CPU.ActiveCfg = Release|Any CPU
		{DF268D80-9A5B-4D63-B1A4-6E80D5715B2D}.Release|Any CPU.Build.0 = Release|Any CPU
		{50B1DE0F-158E-4A58-A04A-71760BB9ED57}.Debug|Any CPU.ActiveCfg = Debug|Any CPU
		{50B1DE0F-158E-4A58-A04A-71760BB9ED57}.Debug|Any CPU.Build.0 = Debug|Any CPU
		{50B1DE0F-158E-4A58-A04A-71760BB9ED57}.Release|Any CPU.ActiveCfg = Release|Any CPU
		{50B1DE0F-158E-4A58-A04A-71760BB9ED57}.Release|Any CPU.Build.0 = Release|Any CPU
	EndGlobalSection
EndGlobal
